{
  "pins" : [
    {
      "identity" : "groceryappshareddto",
      "kind" : "remoteSourceControl",
      "location" : "https://github.com/brenfondeadora/GroceryAppSharedDTO.git",
      "state" : {
        "branch" : "main",
        "revision" : "03adea159ea7ca45e7c42bd4781a3cb7da8b1ce2"
      }
    }
  ],
  "version" : 2
}
