// !$*UTF8*$!
{
	archiveVersion = 1;
	classes = {
	};
	objectVersion = 56;
	objects = {

/* Begin PBXBuildFile section */
		230136FE2A27BC2600BEC3D8 /* RegistrationScreen.swift in Sources */ = {isa = PBXBuildFile; fileRef = 230136FD2A27BC2600BEC3D8 /* RegistrationScreen.swift */; };
		2319C2D92A27BE040017ED7C /* String+Extensions.swift in Sources */ = {isa = PBXBuildFile; fileRef = 2319C2D82A27BE040017ED7C /* String+Extensions.swift */; };
		2319C2DC2A27C11D0017ED7C /* HTTPClient.swift in Sources */ = {isa = PBXBuildFile; fileRef = 2319C2DB2A27C11D0017ED7C /* HTTPClient.swift */; };
		2319C2DF2A27DDFD0017ED7C /* GroceryModel.swift in Sources */ = {isa = PBXBuildFile; fileRef = 2319C2DE2A27DDFD0017ED7C /* GroceryModel.swift */; };
		2319C2E12A27DFAA0017ED7C /* RegisterResponseDTO.swift in Sources */ = {isa = PBXBuildFile; fileRef = 2319C2E02A27DFAA0017ED7C /* RegisterResponseDTO.swift */; };
		2319C2E42A27E06F0017ED7C /* Constants.swift in Sources */ = {isa = PBXBuildFile; fileRef = 2319C2E32A27E06F0017ED7C /* Constants.swift */; };
		2319C2E62A27F0140017ED7C /* LoginScreen.swift in Sources */ = {isa = PBXBuildFile; fileRef = 2319C2E52A27F0140017ED7C /* LoginScreen.swift */; };
		2319C2E82A27F6200017ED7C /* LoginResponseDTO.swift in Sources */ = {isa = PBXBuildFile; fileRef = 2319C2E72A27F6200017ED7C /* LoginResponseDTO.swift */; };
		23E0C4AB2A16D34C00A93897 /* GroceryAppApp.swift in Sources */ = {isa = PBXBuildFile; fileRef = 23E0C4AA2A16D34C00A93897 /* GroceryAppApp.swift */; };
		23E0C4AD2A16D34C00A93897 /* ContentView.swift in Sources */ = {isa = PBXBuildFile; fileRef = 23E0C4AC2A16D34C00A93897 /* ContentView.swift */; };
		23E0C4AF2A16D35000A93897 /* Assets.xcassets in Resources */ = {isa = PBXBuildFile; fileRef = 23E0C4AE2A16D35000A93897 /* Assets.xcassets */; };
		23E0C4B22A16D35000A93897 /* Preview Assets.xcassets in Resources */ = {isa = PBXBuildFile; fileRef = 23E0C4B12A16D35000A93897 /* Preview Assets.xcassets */; };
/* End PBXBuildFile section */

/* Begin PBXFileReference section */
		230136FD2A27BC2600BEC3D8 /* RegistrationScreen.swift */ = {isa = PBXFileReference; lastKnownFileType = sourcecode.swift; path = RegistrationScreen.swift; sourceTree = "<group>"; };
		2319C2D82A27BE040017ED7C /* String+Extensions.swift */ = {isa = PBXFileReference; lastKnownFileType = sourcecode.swift; path = "String+Extensions.swift"; sourceTree = "<group>"; };
		2319C2DB2A27C11D0017ED7C /* HTTPClient.swift */ = {isa = PBXFileReference; lastKnownFileType = sourcecode.swift; path = HTTPClient.swift; sourceTree = "<group>"; };
		2319C2DE2A27DDFD0017ED7C /* GroceryModel.swift */ = {isa = PBXFileReference; lastKnownFileType = sourcecode.swift; path = GroceryModel.swift; sourceTree = "<group>"; };
		2319C2E02A27DFAA0017ED7C /* RegisterResponseDTO.swift */ = {isa = PBXFileReference; lastKnownFileType = sourcecode.swift; path = RegisterResponseDTO.swift; sourceTree = "<group>"; };
		2319C2E32A27E06F0017ED7C /* Constants.swift */ = {isa = PBXFileReference; lastKnownFileType = sourcecode.swift; path = Constants.swift; sourceTree = "<group>"; };
		2319C2E52A27F0140017ED7C /* LoginScreen.swift */ = {isa = PBXFileReference; lastKnownFileType = sourcecode.swift; path = LoginScreen.swift; sourceTree = "<group>"; };
		2319C2E72A27F6200017ED7C /* LoginResponseDTO.swift */ = {isa = PBXFileReference; lastKnownFileType = sourcecode.swift; path = LoginResponseDTO.swift; sourceTree = "<group>"; };
		23E0C4A72A16D34C00A93897 /* GroceryApp.app */ = {isa = PBXFileReference; explicitFileType = wrapper.application; includeInIndex = 0; path = GroceryApp.app; sourceTree = BUILT_PRODUCTS_DIR; };
		23E0C4AA2A16D34C00A93897 /* GroceryAppApp.swift */ = {isa = PBXFileReference; lastKnownFileType = sourcecode.swift; path = GroceryAppApp.swift; sourceTree = "<group>"; };
		23E0C4AC2A16D34C00A93897 /* ContentView.swift */ = {isa = PBXFileReference; lastKnownFileType = sourcecode.swift; path = ContentView.swift; sourceTree = "<group>"; };
		23E0C4AE2A16D35000A93897 /* Assets.xcassets */ = {isa = PBXFileReference; lastKnownFileType = folder.assetcatalog; path = Assets.xcassets; sourceTree = "<group>"; };
		23E0C4B12A16D35000A93897 /* Preview Assets.xcassets */ = {isa = PBXFileReference; lastKnownFileType = folder.assetcatalog; path = "Preview Assets.xcassets"; sourceTree = "<group>"; };
/* End PBXFileReference section */

/* Begin PBXFrameworksBuildPhase section */
		23E0C4A42A16D34C00A93897 /* Frameworks */ = {
			isa = PBXFrameworksBuildPhase;
			buildActionMask = 2147483647;
			files = (
			);
			runOnlyForDeploymentPostprocessing = 0;
		};
/* End PBXFrameworksBuildPhase section */

/* Begin PBXGroup section */
		230136FC2A27BBE900BEC3D8 /* Screens */ = {
			isa = PBXGroup;
			children = (
				230136FD2A27BC2600BEC3D8 /* RegistrationScreen.swift */,
				2319C2E52A27F0140017ED7C /* LoginScreen.swift */,
			);
			path = Screens;
			sourceTree = "<group>";
		};
		2319C2D72A27BD8D0017ED7C /* Extensions */ = {
			isa = PBXGroup;
			children = (
				2319C2D82A27BE040017ED7C /* String+Extensions.swift */,
			);
			path = Extensions;
			sourceTree = "<group>";
		};
		2319C2DA2A27C0EF0017ED7C /* Clients */ = {
			isa = PBXGroup;
			children = (
				2319C2DB2A27C11D0017ED7C /* HTTPClient.swift */,
			);
			path = Clients;
			sourceTree = "<group>";
		};
		2319C2DD2A27D0550017ED7C /* Models */ = {
			isa = PBXGroup;
			children = (
				2319C2DE2A27DDFD0017ED7C /* GroceryModel.swift */,
				2319C2E02A27DFAA0017ED7C /* RegisterResponseDTO.swift */,
				2319C2E72A27F6200017ED7C /* LoginResponseDTO.swift */,
			);
			path = Models;
			sourceTree = "<group>";
		};
		2319C2E22A27E0440017ED7C /* Utils */ = {
			isa = PBXGroup;
			children = (
				2319C2E32A27E06F0017ED7C /* Constants.swift */,
			);
			path = Utils;
			sourceTree = "<group>";
		};
		23E0C49E2A16D34B00A93897 = {
			isa = PBXGroup;
			children = (
				23E0C4A92A16D34C00A93897 /* GroceryApp */,
				23E0C4A82A16D34C00A93897 /* Products */,
			);
			sourceTree = "<group>";
		};
		23E0C4A82A16D34C00A93897 /* Products */ = {
			isa = PBXGroup;
			children = (
				23E0C4A72A16D34C00A93897 /* GroceryApp.app */,
			);
			name = Products;
			sourceTree = "<group>";
		};
		23E0C4A92A16D34C00A93897 /* GroceryApp */ = {
			isa = PBXGroup;
			children = (
				2319C2E22A27E0440017ED7C /* Utils */,
				2319C2DD2A27D0550017ED7C /* Models */,
				2319C2DA2A27C0EF0017ED7C /* Clients */,
				2319C2D72A27BD8D0017ED7C /* Extensions */,
				230136FC2A27BBE900BEC3D8 /* Screens */,
				23E0C4AA2A16D34C00A93897 /* GroceryAppApp.swift */,
				23E0C4AC2A16D34C00A93897 /* ContentView.swift */,
				23E0C4AE2A16D35000A93897 /* Assets.xcassets */,
				23E0C4B02A16D35000A93897 /* Preview Content */,
			);
			path = GroceryApp;
			sourceTree = "<group>";
		};
		23E0C4B02A16D35000A93897 /* Preview Content */ = {
			isa = PBXGroup;
			children = (
				23E0C4B12A16D35000A93897 /* Preview Assets.xcassets */,
			);
			path = "Preview Content";
			sourceTree = "<group>";
		};
/* End PBXGroup section */

/* Begin PBXNativeTarget section */
		23E0C4A62A16D34C00A93897 /* GroceryApp */ = {
			isa = PBXNativeTarget;
			buildConfigurationList = 23E0C4B52A16D35000A93897 /* Build configuration list for PBXNativeTarget "GroceryApp" */;
			buildPhases = (
				23E0C4A32A16D34C00A93897 /* Sources */,
				23E0C4A42A16D34C00A93897 /* Frameworks */,
				23E0C4A52A16D34C00A93897 /* Resources */,
			);
			buildRules = (
			);
			dependencies = (
			);
			name = GroceryApp;
			productName = GroceryApp;
			productReference = 23E0C4A72A16D34C00A93897 /* GroceryApp.app */;
			productType = "com.apple.product-type.application";
		};
/* End PBXNativeTarget section */

/* Begin PBXProject section */
		23E0C49F2A16D34B00A93897 /* Project object */ = {
			isa = PBXProject;
			attributes = {
				BuildIndependentTargetsInParallel = 1;
				LastSwiftUpdateCheck = 1420;
				LastUpgradeCheck = 1420;
				TargetAttributes = {
					23E0C4A62A16D34C00A93897 = {
						CreatedOnToolsVersion = 14.2;
					};
				};
			};
			buildConfigurationList = 23E0C4A22A16D34B00A93897 /* Build configuration list for PBXProject "GroceryApp" */;
			compatibilityVersion = "Xcode 14.0";
			developmentRegion = en;
			hasScannedForEncodings = 0;
			knownRegions = (
				en,
				Base,
			);
			mainGroup = 23E0C49E2A16D34B00A93897;
			productRefGroup = 23E0C4A82A16D34C00A93897 /* Products */;
			projectDirPath = "";
			projectRoot = "";
			targets = (
				23E0C4A62A16D34C00A93897 /* GroceryApp */,
			);
		};
/* End PBXProject section */

/* Begin PBXResourcesBuildPhase section */
		23E0C4A52A16D34C00A93897 /* Resources */ = {
			isa = PBXResourcesBuildPhase;
			buildActionMask = 2147483647;
			files = (
				23E0C4B22A16D35000A93897 /* Preview Assets.xcassets in Resources */,
				23E0C4AF2A16D35000A93897 /* Assets.xcassets in Resources */,
			);
			runOnlyForDeploymentPostprocessing = 0;
		};
/* End PBXResourcesBuildPhase section */

/* Begin PBXSourcesBuildPhase section */
		23E0C4A32A16D34C00A93897 /* Sources */ = {
			isa = PBXSourcesBuildPhase;
			buildActionMask = 2147483647;
			files = (
				2319C2D92A27BE040017ED7C /* String+Extensions.swift in Sources */,
				2319C2DF2A27DDFD0017ED7C /* GroceryModel.swift in Sources */,
				2319C2E62A27F0140017ED7C /* LoginScreen.swift in Sources */,
				2319C2DC2A27C11D0017ED7C /* HTTPClient.swift in Sources */,
				230136FE2A27BC2600BEC3D8 /* RegistrationScreen.swift in Sources */,
				23E0C4AD2A16D34C00A93897 /* ContentView.swift in Sources */,
				2319C2E82A27F6200017ED7C /* LoginResponseDTO.swift in Sources */,
				23E0C4AB2A16D34C00A93897 /* GroceryAppApp.swift in Sources */,
				2319C2E12A27DFAA0017ED7C /* RegisterResponseDTO.swift in Sources */,
				2319C2E42A27E06F0017ED7C /* Constants.swift in Sources */,
			);
			runOnlyForDeploymentPostprocessing = 0;
		};
/* End PBXSourcesBuildPhase section */

/* Begin XCBuildConfiguration section */
		23E0C4B32A16D35000A93897 /* Debug */ = {
			isa = XCBuildConfiguration;
			buildSettings = {
				ALWAYS_SEARCH_USER_PATHS = NO;
				CLANG_ANALYZER_NONNULL = YES;
				CLANG_ANALYZER_NUMBER_OBJECT_CONVERSION = YES_AGGRESSIVE;
				CLANG_CXX_LANGUAGE_STANDARD = "gnu++20";
				CLANG_ENABLE_MODULES = YES;
				CLANG_ENABLE_OBJC_ARC = YES;
				CLANG_ENABLE_OBJC_WEAK = YES;
				CLANG_WARN_BLOCK_CAPTURE_AUTORELEASING = YES;
				CLANG_WARN_BOOL_CONVERSION = YES;
				CLANG_WARN_COMMA = YES;
				CLANG_WARN_CONSTANT_CONVERSION = YES;
				CLANG_WARN_DEPRECATED_OBJC_IMPLEMENTATIONS = YES;
				CLANG_WARN_DIRECT_OBJC_ISA_USAGE = YES_ERROR;
				CLANG_WARN_DOCUMENTATION_COMMENTS = YES;
				CLANG_WARN_EMPTY_BODY = YES;
				CLANG_WARN_ENUM_CONVERSION = YES;
				CLANG_WARN_INFINITE_RECURSION = YES;
				CLANG_WARN_INT_CONVERSION = YES;
				CLANG_WARN_NON_LITERAL_NULL_CONVERSION = YES;
				CLANG_WARN_OBJC_IMPLICIT_RETAIN_SELF = YES;
				CLANG_WARN_OBJC_LITERAL_CONVERSION = YES;
				CLANG_WARN_OBJC_ROOT_CLASS = YES_ERROR;
				CLANG_WARN_QUOTED_INCLUDE_IN_FRAMEWORK_HEADER = YES;
				CLANG_WARN_RANGE_LOOP_ANALYSIS = YES;
				CLANG_WARN_STRICT_PROTOTYPES = YES;
				CLANG_WARN_SUSPICIOUS_MOVE = YES;
				CLANG_WARN_UNGUARDED_AVAILABILITY = YES_AGGRESSIVE;
				CLANG_WARN_UNREACHABLE_CODE = YES;
				CLANG_WARN__DUPLICATE_METHOD_MATCH = YES;
				COPY_PHASE_STRIP = NO;
				DEBUG_INFORMATION_FORMAT = dwarf;
				ENABLE_STRICT_OBJC_MSGSEND = YES;
				ENABLE_TESTABILITY = YES;
				GCC_C_LANGUAGE_STANDARD = gnu11;
				GCC_DYNAMIC_NO_PIC = NO;
				GCC_NO_COMMON_BLOCKS = YES;
				GCC_OPTIMIZATION_LEVEL = 0;
				GCC_PREPROCESSOR_DEFINITIONS = (
					"DEBUG=1",
					"$(inherited)",
				);
				GCC_WARN_64_TO_32_BIT_CONVERSION = YES;
				GCC_WARN_ABOUT_RETURN_TYPE = YES_ERROR;
				GCC_WARN_UNDECLARED_SELECTOR = YES;
				GCC_WARN_UNINITIALIZED_AUTOS = YES_AGGRESSIVE;
				GCC_WARN_UNUSED_FUNCTION = YES;
				GCC_WARN_UNUSED_VARIABLE = YES;
				IPHONEOS_DEPLOYMENT_TARGET = 16.2;
				MTL_ENABLE_DEBUG_INFO = INCLUDE_SOURCE;
				MTL_FAST_MATH = YES;
				ONLY_ACTIVE_ARCH = YES;
				SDKROOT = iphoneos;
				SWIFT_ACTIVE_COMPILATION_CONDITIONS = DEBUG;
				SWIFT_OPTIMIZATION_LEVEL = "-Onone";
			};
			name = Debug;
		};
		23E0C4B42A16D35000A93897 /* Release */ = {
			isa = XCBuildConfiguration;
			buildSettings = {
				ALWAYS_SEARCH_USER_PATHS = NO;
				CLANG_ANALYZER_NONNULL = YES;
				CLANG_ANALYZER_NUMBER_OBJECT_CONVERSION = YES_AGGRESSIVE;
				CLANG_CXX_LANGUAGE_STANDARD = "gnu++20";
				CLANG_ENABLE_MODULES = YES;
				CLANG_ENABLE_OBJC_ARC = YES;
				CLANG_ENABLE_OBJC_WEAK = YES;
				CLANG_WARN_BLOCK_CAPTURE_AUTORELEASING = YES;
				CLANG_WARN_BOOL_CONVERSION = YES;
				CLANG_WARN_COMMA = YES;
				CLANG_WARN_CONSTANT_CONVERSION = YES;
				CLANG_WARN_DEPRECATED_OBJC_IMPLEMENTATIONS = YES;
				CLANG_WARN_DIRECT_OBJC_ISA_USAGE = YES_ERROR;
				CLANG_WARN_DOCUMENTATION_COMMENTS = YES;
				CLANG_WARN_EMPTY_BODY = YES;
				CLANG_WARN_ENUM_CONVERSION = YES;
				CLANG_WARN_INFINITE_RECURSION = YES;
				CLANG_WARN_INT_CONVERSION = YES;
				CLANG_WARN_NON_LITERAL_NULL_CONVERSION = YES;
				CLANG_WARN_OBJC_IMPLICIT_RETAIN_SELF = YES;
				CLANG_WARN_OBJC_LITERAL_CONVERSION = YES;
				CLANG_WARN_OBJC_ROOT_CLASS = YES_ERROR;
				CLANG_WARN_QUOTED_INCLUDE_IN_FRAMEWORK_HEADER = YES;
				CLANG_WARN_RANGE_LOOP_ANALYSIS = YES;
				CLANG_WARN_STRICT_PROTOTYPES = YES;
				CLANG_WARN_SUSPICIOUS_MOVE = YES;
				CLANG_WARN_UNGUARDED_AVAILABILITY = YES_AGGRESSIVE;
				CLANG_WARN_UNREACHABLE_CODE = YES;
				CLANG_WARN__DUPLICATE_METHOD_MATCH = YES;
				COPY_PHASE_STRIP = NO;
				DEBUG_INFORMATION_FORMAT = "dwarf-with-dsym";
				ENABLE_NS_ASSERTIONS = NO;
				ENABLE_STRICT_OBJC_MSGSEND = YES;
				GCC_C_LANGUAGE_STANDARD = gnu11;
				GCC_NO_COMMON_BLOCKS = YES;
				GCC_WARN_64_TO_32_BIT_CONVERSION = YES;
				GCC_WARN_ABOUT_RETURN_TYPE = YES_ERROR;
				GCC_WARN_UNDECLARED_SELECTOR = YES;
				GCC_WARN_UNINITIALIZED_AUTOS = YES_AGGRESSIVE;
				GCC_WARN_UNUSED_FUNCTION = YES;
				GCC_WARN_UNUSED_VARIABLE = YES;
				IPHONEOS_DEPLOYMENT_TARGET = 16.2;
				MTL_ENABLE_DEBUG_INFO = NO;
				MTL_FAST_MATH = YES;
				SDKROOT = iphoneos;
				SWIFT_COMPILATION_MODE = wholemodule;
				SWIFT_OPTIMIZATION_LEVEL = "-O";
				VALIDATE_PRODUCT = YES;
			};
			name = Release;
		};
		23E0C4B62A16D35000A93897 /* Debug */ = {
			isa = XCBuildConfiguration;
			buildSettings = {
				ASSETCATALOG_COMPILER_APPICON_NAME = AppIcon;
				ASSETCATALOG_COMPILER_GLOBAL_ACCENT_COLOR_NAME = AccentColor;
				CODE_SIGN_STYLE = Automatic;
				CURRENT_PROJECT_VERSION = 1;
				DEVELOPMENT_ASSET_PATHS = "\"GroceryApp/Preview Content\"";
				DEVELOPMENT_TEAM = 3RQAYNAD56;
				ENABLE_PREVIEWS = YES;
				GENERATE_INFOPLIST_FILE = YES;
				INFOPLIST_KEY_UIApplicationSceneManifest_Generation = YES;
				INFOPLIST_KEY_UIApplicationSupportsIndirectInputEvents = YES;
				INFOPLIST_KEY_UILaunchScreen_Generation = YES;
				INFOPLIST_KEY_UISupportedInterfaceOrientations_iPad = "UIInterfaceOrientationPortrait UIInterfaceOrientationPortraitUpsideDown UIInterfaceOrientationLandscapeLeft UIInterfaceOrientationLandscapeRight";
				INFOPLIST_KEY_UISupportedInterfaceOrientations_iPhone = "UIInterfaceOrientationPortrait UIInterfaceOrientationLandscapeLeft UIInterfaceOrientationLandscapeRight";
				LD_RUNPATH_SEARCH_PATHS = (
					"$(inherited)",
					"@executable_path/Frameworks",
				);
				MARKETING_VERSION = 1.0;
				PRODUCT_BUNDLE_IDENTIFIER = com.bsc.GroceryApp;
				PRODUCT_NAME = "$(TARGET_NAME)";
				SWIFT_EMIT_LOC_STRINGS = YES;
				SWIFT_VERSION = 5.0;
				TARGETED_DEVICE_FAMILY = "1,2";
			};
			name = Debug;
		};
		23E0C4B72A16D35000A93897 /* Release */ = {
			isa = XCBuildConfiguration;
			buildSettings = {
				ASSETCATALOG_COMPILER_APPICON_NAME = AppIcon;
				ASSETCATALOG_COMPILER_GLOBAL_ACCENT_COLOR_NAME = AccentColor;
				CODE_SIGN_STYLE = Automatic;
				CURRENT_PROJECT_VERSION = 1;
				DEVELOPMENT_ASSET_PATHS = "\"GroceryApp/Preview Content\"";
				DEVELOPMENT_TEAM = 3RQAYNAD56;
				ENABLE_PREVIEWS = YES;
				GENERATE_INFOPLIST_FILE = YES;
				INFOPLIST_KEY_UIApplicationSceneManifest_Generation = YES;
				INFOPLIST_KEY_UIApplicationSupportsIndirectInputEvents = YES;
				INFOPLIST_KEY_UILaunchScreen_Generation = YES;
				INFOPLIST_KEY_UISupportedInterfaceOrientations_iPad = "UIInterfaceOrientationPortrait UIInterfaceOrientationPortraitUpsideDown UIInterfaceOrientationLandscapeLeft UIInterfaceOrientationLandscapeRight";
				INFOPLIST_KEY_UISupportedInterfaceOrientations_iPhone = "UIInterfaceOrientationPortrait UIInterfaceOrientationLandscapeLeft UIInterfaceOrientationLandscapeRight";
				LD_RUNPATH_SEARCH_PATHS = (
					"$(inherited)",
					"@executable_path/Frameworks",
				);
				MARKETING_VERSION = 1.0;
				PRODUCT_BUNDLE_IDENTIFIER = com.bsc.GroceryApp;
				PRODUCT_NAME = "$(TARGET_NAME)";
				SWIFT_EMIT_LOC_STRINGS = YES;
				SWIFT_VERSION = 5.0;
				TARGETED_DEVICE_FAMILY = "1,2";
			};
			name = Release;
		};
/* End XCBuildConfiguration section */

/* Begin XCConfigurationList section */
		23E0C4A22A16D34B00A93897 /* Build configuration list for PBXProject "GroceryApp" */ = {
			isa = XCConfigurationList;
			buildConfigurations = (
				23E0C4B32A16D35000A93897 /* Debug */,
				23E0C4B42A16D35000A93897 /* Release */,
			);
			defaultConfigurationIsVisible = 0;
			defaultConfigurationName = Release;
		};
		23E0C4B52A16D35000A93897 /* Build configuration list for PBXNativeTarget "GroceryApp" */ = {
			isa = XCConfigurationList;
			buildConfigurations = (
				23E0C4B62A16D35000A93897 /* Debug */,
				23E0C4B72A16D35000A93897 /* Release */,
			);
			defaultConfigurationIsVisible = 0;
			defaultConfigurationName = Release;
		};
/* End XCConfigurationList section */
	};
	rootObject = 23E0C49F2A16D34B00A93897 /* Project object */;
}
